// !$*UTF8*$!
{
	archiveVersion = 1;
	classes = {
	};
	objectVersion = 56;
	objects = {

/* Begin PBXBuildFile section */
		359726C82976229800C1A8CD /* RMGetAllCharactersResponse.swift in Sources */ = {isa = PBXBuildFile; fileRef = 359726C72976229800C1A8CD /* RMGetAllCharactersResponse.swift */; };
		359726CA2976243F00C1A8CD /* RMCharacterListViewModel.swift in Sources */ = {isa = PBXBuildFile; fileRef = 359726C92976243F00C1A8CD /* RMCharacterListViewModel.swift */; };
		359726CC2976249900C1A8CD /* CharacterListView.swift in Sources */ = {isa = PBXBuildFile; fileRef = 359726CB2976249900C1A8CD /* CharacterListView.swift */; };
		359726CF297624DB00C1A8CD /* SnapKit in Frameworks */ = {isa = PBXBuildFile; productRef = 359726CE297624DB00C1A8CD /* SnapKit */; };
		359726D12976270000C1A8CD /* Extensions.swift in Sources */ = {isa = PBXBuildFile; fileRef = 359726D02976270000C1A8CD /* Extensions.swift */; };
		359726D329762A7B00C1A8CD /* RMCharacterCell.swift in Sources */ = {isa = PBXBuildFile; fileRef = 359726D229762A7B00C1A8CD /* RMCharacterCell.swift */; };
		359726D529762C3900C1A8CD /* RMCharacterCollectionViewModel.swift in Sources */ = {isa = PBXBuildFile; fileRef = 359726D429762C3900C1A8CD /* RMCharacterCollectionViewModel.swift */; };
		35AADB26296B1ACA000BF20C /* AppDelegate.swift in Sources */ = {isa = PBXBuildFile; fileRef = 35AADB25296B1ACA000BF20C /* AppDelegate.swift */; };
		35AADB28296B1ACA000BF20C /* SceneDelegate.swift in Sources */ = {isa = PBXBuildFile; fileRef = 35AADB27296B1ACA000BF20C /* SceneDelegate.swift */; };
		35AADB2A296B1ACA000BF20C /* RMTabViewController.swift in Sources */ = {isa = PBXBuildFile; fileRef = 35AADB29296B1ACA000BF20C /* RMTabViewController.swift */; };
		35AADB2F296B1ACB000BF20C /* Assets.xcassets in Resources */ = {isa = PBXBuildFile; fileRef = 35AADB2E296B1ACB000BF20C /* Assets.xcassets */; };
		35AADB32296B1ACB000BF20C /* LaunchScreen.storyboard in Resources */ = {isa = PBXBuildFile; fileRef = 35AADB30296B1ACB000BF20C /* LaunchScreen.storyboard */; };
		35AADB41296B1D9F000BF20C /* RMLocation.swift in Sources */ = {isa = PBXBuildFile; fileRef = 35AADB40296B1D9F000BF20C /* RMLocation.swift */; };
		35AADB43296B1DA9000BF20C /* RMCharacter.swift in Sources */ = {isa = PBXBuildFile; fileRef = 35AADB42296B1DA9000BF20C /* RMCharacter.swift */; };
		35AADB45296B1DB3000BF20C /* RMEpisode.swift in Sources */ = {isa = PBXBuildFile; fileRef = 35AADB44296B1DB3000BF20C /* RMEpisode.swift */; };
		35AADB48296B1E19000BF20C /* RMCharaterViewController.swift in Sources */ = {isa = PBXBuildFile; fileRef = 35AADB47296B1E19000BF20C /* RMCharaterViewController.swift */; };
		35AADB4A296B1E3E000BF20C /* RMLocationViewController.swift in Sources */ = {isa = PBXBuildFile; fileRef = 35AADB49296B1E3E000BF20C /* RMLocationViewController.swift */; };
		35AADB4C296B1E45000BF20C /* RMSettingsViewController.swift in Sources */ = {isa = PBXBuildFile; fileRef = 35AADB4B296B1E45000BF20C /* RMSettingsViewController.swift */; };
		35AADB4E296B1E6C000BF20C /* RMEpisodesViewController.swift in Sources */ = {isa = PBXBuildFile; fileRef = 35AADB4D296B1E6C000BF20C /* RMEpisodesViewController.swift */; };
		35AADB50296B24E1000BF20C /* RMService.swift in Sources */ = {isa = PBXBuildFile; fileRef = 35AADB4F296B24E1000BF20C /* RMService.swift */; };
		35AADB52296B24F4000BF20C /* RMRequest.swift in Sources */ = {isa = PBXBuildFile; fileRef = 35AADB51296B24F4000BF20C /* RMRequest.swift */; };
		35AADB54296B256A000BF20C /* RMEndpoint.swift in Sources */ = {isa = PBXBuildFile; fileRef = 35AADB53296B256A000BF20C /* RMEndpoint.swift */; };
		35AADB56296B290D000BF20C /* RMOrigin.swift in Sources */ = {isa = PBXBuildFile; fileRef = 35AADB55296B290D000BF20C /* RMOrigin.swift */; };
		35AADB58296B2957000BF20C /* RMSingleLocation.swift in Sources */ = {isa = PBXBuildFile; fileRef = 35AADB57296B2957000BF20C /* RMSingleLocation.swift */; };
/* End PBXBuildFile section */

/* Begin PBXFileReference section */
		359726C72976229800C1A8CD /* RMGetAllCharactersResponse.swift */ = {isa = PBXFileReference; lastKnownFileType = sourcecode.swift; path = RMGetAllCharactersResponse.swift; sourceTree = "<group>"; };
		359726C92976243F00C1A8CD /* RMCharacterListViewModel.swift */ = {isa = PBXFileReference; lastKnownFileType = sourcecode.swift; path = RMCharacterListViewModel.swift; sourceTree = "<group>"; };
		359726CB2976249900C1A8CD /* CharacterListView.swift */ = {isa = PBXFileReference; lastKnownFileType = sourcecode.swift; path = CharacterListView.swift; sourceTree = "<group>"; };
		359726D02976270000C1A8CD /* Extensions.swift */ = {isa = PBXFileReference; lastKnownFileType = sourcecode.swift; path = Extensions.swift; sourceTree = "<group>"; };
		359726D229762A7B00C1A8CD /* RMCharacterCell.swift */ = {isa = PBXFileReference; lastKnownFileType = sourcecode.swift; path = RMCharacterCell.swift; sourceTree = "<group>"; };
		359726D429762C3900C1A8CD /* RMCharacterCollectionViewModel.swift */ = {isa = PBXFileReference; lastKnownFileType = sourcecode.swift; path = RMCharacterCollectionViewModel.swift; sourceTree = "<group>"; };
		35AADB22296B1ACA000BF20C /* Rick&Morty.app */ = {isa = PBXFileReference; explicitFileType = wrapper.application; includeInIndex = 0; path = "Rick&Morty.app"; sourceTree = BUILT_PRODUCTS_DIR; };
		35AADB25296B1ACA000BF20C /* AppDelegate.swift */ = {isa = PBXFileReference; lastKnownFileType = sourcecode.swift; path = AppDelegate.swift; sourceTree = "<group>"; };
		35AADB27296B1ACA000BF20C /* SceneDelegate.swift */ = {isa = PBXFileReference; lastKnownFileType = sourcecode.swift; path = SceneDelegate.swift; sourceTree = "<group>"; };
		35AADB29296B1ACA000BF20C /* RMTabViewController.swift */ = {isa = PBXFileReference; lastKnownFileType = sourcecode.swift; path = RMTabViewController.swift; sourceTree = "<group>"; };
		35AADB2E296B1ACB000BF20C /* Assets.xcassets */ = {isa = PBXFileReference; lastKnownFileType = folder.assetcatalog; path = Assets.xcassets; sourceTree = "<group>"; };
		35AADB31296B1ACB000BF20C /* Base */ = {isa = PBXFileReference; lastKnownFileType = file.storyboard; name = Base; path = Base.lproj/LaunchScreen.storyboard; sourceTree = "<group>"; };
		35AADB33296B1ACB000BF20C /* Info.plist */ = {isa = PBXFileReference; lastKnownFileType = text.plist.xml; path = Info.plist; sourceTree = "<group>"; };
		35AADB40296B1D9F000BF20C /* RMLocation.swift */ = {isa = PBXFileReference; lastKnownFileType = sourcecode.swift; path = RMLocation.swift; sourceTree = "<group>"; };
		35AADB42296B1DA9000BF20C /* RMCharacter.swift */ = {isa = PBXFileReference; lastKnownFileType = sourcecode.swift; path = RMCharacter.swift; sourceTree = "<group>"; };
		35AADB44296B1DB3000BF20C /* RMEpisode.swift */ = {isa = PBXFileReference; lastKnownFileType = sourcecode.swift; path = RMEpisode.swift; sourceTree = "<group>"; };
		35AADB47296B1E19000BF20C /* RMCharaterViewController.swift */ = {isa = PBXFileReference; lastKnownFileType = sourcecode.swift; path = RMCharaterViewController.swift; sourceTree = "<group>"; };
		35AADB49296B1E3E000BF20C /* RMLocationViewController.swift */ = {isa = PBXFileReference; lastKnownFileType = sourcecode.swift; path = RMLocationViewController.swift; sourceTree = "<group>"; };
		35AADB4B296B1E45000BF20C /* RMSettingsViewController.swift */ = {isa = PBXFileReference; lastKnownFileType = sourcecode.swift; path = RMSettingsViewController.swift; sourceTree = "<group>"; };
		35AADB4D296B1E6C000BF20C /* RMEpisodesViewController.swift */ = {isa = PBXFileReference; lastKnownFileType = sourcecode.swift; path = RMEpisodesViewController.swift; sourceTree = "<group>"; };
		35AADB4F296B24E1000BF20C /* RMService.swift */ = {isa = PBXFileReference; lastKnownFileType = sourcecode.swift; path = RMService.swift; sourceTree = "<group>"; };
		35AADB51296B24F4000BF20C /* RMRequest.swift */ = {isa = PBXFileReference; lastKnownFileType = sourcecode.swift; path = RMRequest.swift; sourceTree = "<group>"; };
		35AADB53296B256A000BF20C /* RMEndpoint.swift */ = {isa = PBXFileReference; lastKnownFileType = sourcecode.swift; path = RMEndpoint.swift; sourceTree = "<group>"; };
		35AADB55296B290D000BF20C /* RMOrigin.swift */ = {isa = PBXFileReference; lastKnownFileType = sourcecode.swift; path = RMOrigin.swift; sourceTree = "<group>"; };
		35AADB57296B2957000BF20C /* RMSingleLocation.swift */ = {isa = PBXFileReference; lastKnownFileType = sourcecode.swift; path = RMSingleLocation.swift; sourceTree = "<group>"; };
/* End PBXFileReference section */

/* Begin PBXFrameworksBuildPhase section */
		35AADB1F296B1ACA000BF20C /* Frameworks */ = {
			isa = PBXFrameworksBuildPhase;
			buildActionMask = 2147483647;
			files = (
				359726CF297624DB00C1A8CD /* SnapKit in Frameworks */,
			);
			runOnlyForDeploymentPostprocessing = 0;
		};
/* End PBXFrameworksBuildPhase section */

/* Begin PBXGroup section */
		359726C52976227900C1A8CD /* DataTypes */ = {
			isa = PBXGroup;
			children = (
				35AADB40296B1D9F000BF20C /* RMLocation.swift */,
				35AADB42296B1DA9000BF20C /* RMCharacter.swift */,
				35AADB44296B1DB3000BF20C /* RMEpisode.swift */,
				35AADB55296B290D000BF20C /* RMOrigin.swift */,
				35AADB57296B2957000BF20C /* RMSingleLocation.swift */,
			);
			path = DataTypes;
			sourceTree = "<group>";
		};
		359726C62976228300C1A8CD /* ApiTypes */ = {
			isa = PBXGroup;
			children = (
				359726C72976229800C1A8CD /* RMGetAllCharactersResponse.swift */,
			);
			path = ApiTypes;
			sourceTree = "<group>";
		};
		35AADB19296B1ACA000BF20C = {
			isa = PBXGroup;
			children = (
				35AADB24296B1ACA000BF20C /* Rick&Morty */,
				35AADB23296B1ACA000BF20C /* Products */,
			);
			sourceTree = "<group>";
		};
		35AADB23296B1ACA000BF20C /* Products */ = {
			isa = PBXGroup;
			children = (
				35AADB22296B1ACA000BF20C /* Rick&Morty.app */,
			);
			name = Products;
			sourceTree = "<group>";
		};
		35AADB24296B1ACA000BF20C /* Rick&Morty */ = {
			isa = PBXGroup;
			children = (
				35AADB3F296B1D36000BF20C /* Resourses */,
				35AADB3E296B1D30000BF20C /* Managers */,
				35AADB3D296B1D2B000BF20C /* API */,
				35AADB3C296B1D24000BF20C /* ViewModels */,
				35AADB3B296B1D1E000BF20C /* Views */,
				35AADB3A296B1D18000BF20C /* Models */,
				35AADB39296B1D09000BF20C /* Controllers */,
				35AADB25296B1ACA000BF20C /* AppDelegate.swift */,
				35AADB27296B1ACA000BF20C /* SceneDelegate.swift */,
				35AADB2E296B1ACB000BF20C /* Assets.xcassets */,
				35AADB30296B1ACB000BF20C /* LaunchScreen.storyboard */,
				35AADB33296B1ACB000BF20C /* Info.plist */,
			);
			path = "Rick&Morty";
			sourceTree = "<group>";
		};
		35AADB39296B1D09000BF20C /* Controllers */ = {
			isa = PBXGroup;
			children = (
				35AADB46296B1DF4000BF20C /* Core */,
			);
			path = Controllers;
			sourceTree = "<group>";
		};
		35AADB3A296B1D18000BF20C /* Models */ = {
			isa = PBXGroup;
			children = (
				359726C62976228300C1A8CD /* ApiTypes */,
				359726C52976227900C1A8CD /* DataTypes */,
			);
			path = Models;
			sourceTree = "<group>";
		};
		35AADB3B296B1D1E000BF20C /* Views */ = {
			isa = PBXGroup;
			children = (
				359726CB2976249900C1A8CD /* CharacterListView.swift */,
				359726D229762A7B00C1A8CD /* RMCharacterCell.swift */,
			);
			path = Views;
			sourceTree = "<group>";
		};
		35AADB3C296B1D24000BF20C /* ViewModels */ = {
			isa = PBXGroup;
			children = (
				359726C92976243F00C1A8CD /* RMCharacterListViewModel.swift */,
				359726D429762C3900C1A8CD /* RMCharacterCollectionViewModel.swift */,
			);
			path = ViewModels;
			sourceTree = "<group>";
		};
		35AADB3D296B1D2B000BF20C /* API */ = {
			isa = PBXGroup;
			children = (
				35AADB4F296B24E1000BF20C /* RMService.swift */,
				35AADB51296B24F4000BF20C /* RMRequest.swift */,
				35AADB53296B256A000BF20C /* RMEndpoint.swift */,
			);
			path = API;
			sourceTree = "<group>";
		};
		35AADB3E296B1D30000BF20C /* Managers */ = {
			isa = PBXGroup;
			children = (
			);
			path = Managers;
			sourceTree = "<group>";
		};
		35AADB3F296B1D36000BF20C /* Resourses */ = {
			isa = PBXGroup;
			children = (
				359726D02976270000C1A8CD /* Extensions.swift */,
			);
			path = Resourses;
			sourceTree = "<group>";
		};
		35AADB46296B1DF4000BF20C /* Core */ = {
			isa = PBXGroup;
			children = (
				35AADB29296B1ACA000BF20C /* RMTabViewController.swift */,
				35AADB47296B1E19000BF20C /* RMCharaterViewController.swift */,
				35AADB49296B1E3E000BF20C /* RMLocationViewController.swift */,
				35AADB4D296B1E6C000BF20C /* RMEpisodesViewController.swift */,
				35AADB4B296B1E45000BF20C /* RMSettingsViewController.swift */,
			);
			path = Core;
			sourceTree = "<group>";
		};
/* End PBXGroup section */

/* Begin PBXNativeTarget section */
		35AADB21296B1ACA000BF20C /* Rick&Morty */ = {
			isa = PBXNativeTarget;
			buildConfigurationList = 35AADB36296B1ACB000BF20C /* Build configuration list for PBXNativeTarget "Rick&Morty" */;
			buildPhases = (
				35AADB1E296B1ACA000BF20C /* Sources */,
				35AADB1F296B1ACA000BF20C /* Frameworks */,
				35AADB20296B1ACA000BF20C /* Resources */,
			);
			buildRules = (
			);
			dependencies = (
			);
			name = "Rick&Morty";
			packageProductDependencies = (
				359726CE297624DB00C1A8CD /* SnapKit */,
			);
			productName = "Rick&Morty";
			productReference = 35AADB22296B1ACA000BF20C /* Rick&Morty.app */;
			productType = "com.apple.product-type.application";
		};
/* End PBXNativeTarget section */

/* Begin PBXProject section */
		35AADB1A296B1ACA000BF20C /* Project object */ = {
			isa = PBXProject;
			attributes = {
				BuildIndependentTargetsInParallel = 1;
				LastSwiftUpdateCheck = 1420;
				LastUpgradeCheck = 1420;
				TargetAttributes = {
					35AADB21296B1ACA000BF20C = {
						CreatedOnToolsVersion = 14.2;
					};
				};
			};
			buildConfigurationList = 35AADB1D296B1ACA000BF20C /* Build configuration list for PBXProject "Rick&Morty" */;
			compatibilityVersion = "Xcode 14.0";
			developmentRegion = en;
			hasScannedForEncodings = 0;
			knownRegions = (
				en,
				Base,
			);
			mainGroup = 35AADB19296B1ACA000BF20C;
			packageReferences = (
				359726CD297624DB00C1A8CD /* XCRemoteSwiftPackageReference "SnapKit" */,
			);
			productRefGroup = 35AADB23296B1ACA000BF20C /* Products */;
			projectDirPath = "";
			projectRoot = "";
			targets = (
				35AADB21296B1ACA000BF20C /* Rick&Morty */,
			);
		};
/* End PBXProject section */

/* Begin PBXResourcesBuildPhase section */
		35AADB20296B1ACA000BF20C /* Resources */ = {
			isa = PBXResourcesBuildPhase;
			buildActionMask = 2147483647;
			files = (
				35AADB32296B1ACB000BF20C /* LaunchScreen.storyboard in Resources */,
				35AADB2F296B1ACB000BF20C /* Assets.xcassets in Resources */,
			);
			runOnlyForDeploymentPostprocessing = 0;
		};
/* End PBXResourcesBuildPhase section */

/* Begin PBXSourcesBuildPhase section */
		35AADB1E296B1ACA000BF20C /* Sources */ = {
			isa = PBXSourcesBuildPhase;
			buildActionMask = 2147483647;
			files = (
				35AADB56296B290D000BF20C /* RMOrigin.swift in Sources */,
				35AADB58296B2957000BF20C /* RMSingleLocation.swift in Sources */,
				35AADB4C296B1E45000BF20C /* RMSettingsViewController.swift in Sources */,
				35AADB4A296B1E3E000BF20C /* RMLocationViewController.swift in Sources */,
				359726C82976229800C1A8CD /* RMGetAllCharactersResponse.swift in Sources */,
				35AADB45296B1DB3000BF20C /* RMEpisode.swift in Sources */,
				35AADB4E296B1E6C000BF20C /* RMEpisodesViewController.swift in Sources */,
				359726D12976270000C1A8CD /* Extensions.swift in Sources */,
				35AADB2A296B1ACA000BF20C /* RMTabViewController.swift in Sources */,
				35AADB48296B1E19000BF20C /* RMCharaterViewController.swift in Sources */,
				35AADB26296B1ACA000BF20C /* AppDelegate.swift in Sources */,
				35AADB50296B24E1000BF20C /* RMService.swift in Sources */,
				359726CA2976243F00C1A8CD /* RMCharacterListViewModel.swift in Sources */,
				359726CC2976249900C1A8CD /* CharacterListView.swift in Sources */,
				35AADB28296B1ACA000BF20C /* SceneDelegate.swift in Sources */,
				359726D329762A7B00C1A8CD /* RMCharacterCell.swift in Sources */,
				35AADB54296B256A000BF20C /* RMEndpoint.swift in Sources */,
				35AADB41296B1D9F000BF20C /* RMLocation.swift in Sources */,
				35AADB52296B24F4000BF20C /* RMRequest.swift in Sources */,
				35AADB43296B1DA9000BF20C /* RMCharacter.swift in Sources */,
				359726D529762C3900C1A8CD /* RMCharacterCollectionViewModel.swift in Sources */,
			);
			runOnlyForDeploymentPostprocessing = 0;
		};
/* End PBXSourcesBuildPhase section */

/* Begin PBXVariantGroup section */
		35AADB30296B1ACB000BF20C /* LaunchScreen.storyboard */ = {
			isa = PBXVariantGroup;
			children = (
				35AADB31296B1ACB000BF20C /* Base */,
			);
			name = LaunchScreen.storyboard;
			sourceTree = "<group>";
		};
/* End PBXVariantGroup section */

/* Begin XCBuildConfiguration section */
		35AADB34296B1ACB000BF20C /* Debug */ = {
			isa = XCBuildConfiguration;
			buildSettings = {
				ALWAYS_SEARCH_USER_PATHS = NO;
				CLANG_ANALYZER_NONNULL = YES;
				CLANG_ANALYZER_NUMBER_OBJECT_CONVERSION = YES_AGGRESSIVE;
				CLANG_CXX_LANGUAGE_STANDARD = "gnu++20";
				CLANG_ENABLE_MODULES = YES;
				CLANG_ENABLE_OBJC_ARC = YES;
				CLANG_ENABLE_OBJC_WEAK = YES;
				CLANG_WARN_BLOCK_CAPTURE_AUTORELEASING = YES;
				CLANG_WARN_BOOL_CONVERSION = YES;
				CLANG_WARN_COMMA = YES;
				CLANG_WARN_CONSTANT_CONVERSION = YES;
				CLANG_WARN_DEPRECATED_OBJC_IMPLEMENTATIONS = YES;
				CLANG_WARN_DIRECT_OBJC_ISA_USAGE = YES_ERROR;
				CLANG_WARN_DOCUMENTATION_COMMENTS = YES;
				CLANG_WARN_EMPTY_BODY = YES;
				CLANG_WARN_ENUM_CONVERSION = YES;
				CLANG_WARN_INFINITE_RECURSION = YES;
				CLANG_WARN_INT_CONVERSION = YES;
				CLANG_WARN_NON_LITERAL_NULL_CONVERSION = YES;
				CLANG_WARN_OBJC_IMPLICIT_RETAIN_SELF = YES;
				CLANG_WARN_OBJC_LITERAL_CONVERSION = YES;
				CLANG_WARN_OBJC_ROOT_CLASS = YES_ERROR;
				CLANG_WARN_QUOTED_INCLUDE_IN_FRAMEWORK_HEADER = YES;
				CLANG_WARN_RANGE_LOOP_ANALYSIS = YES;
				CLANG_WARN_STRICT_PROTOTYPES = YES;
				CLANG_WARN_SUSPICIOUS_MOVE = YES;
				CLANG_WARN_UNGUARDED_AVAILABILITY = YES_AGGRESSIVE;
				CLANG_WARN_UNREACHABLE_CODE = YES;
				CLANG_WARN__DUPLICATE_METHOD_MATCH = YES;
				COPY_PHASE_STRIP = NO;
				DEBUG_INFORMATION_FORMAT = dwarf;
				ENABLE_STRICT_OBJC_MSGSEND = YES;
				ENABLE_TESTABILITY = YES;
				GCC_C_LANGUAGE_STANDARD = gnu11;
				GCC_DYNAMIC_NO_PIC = NO;
				GCC_NO_COMMON_BLOCKS = YES;
				GCC_OPTIMIZATION_LEVEL = 0;
				GCC_PREPROCESSOR_DEFINITIONS = (
					"DEBUG=1",
					"$(inherited)",
				);
				GCC_WARN_64_TO_32_BIT_CONVERSION = YES;
				GCC_WARN_ABOUT_RETURN_TYPE = YES_ERROR;
				GCC_WARN_UNDECLARED_SELECTOR = YES;
				GCC_WARN_UNINITIALIZED_AUTOS = YES_AGGRESSIVE;
				GCC_WARN_UNUSED_FUNCTION = YES;
				GCC_WARN_UNUSED_VARIABLE = YES;
				IPHONEOS_DEPLOYMENT_TARGET = 16.2;
				MTL_ENABLE_DEBUG_INFO = INCLUDE_SOURCE;
				MTL_FAST_MATH = YES;
				ONLY_ACTIVE_ARCH = YES;
				SDKROOT = iphoneos;
				SWIFT_ACTIVE_COMPILATION_CONDITIONS = DEBUG;
				SWIFT_OPTIMIZATION_LEVEL = "-Onone";
			};
			name = Debug;
		};
		35AADB35296B1ACB000BF20C /* Release */ = {
			isa = XCBuildConfiguration;
			buildSettings = {
				ALWAYS_SEARCH_USER_PATHS = NO;
				CLANG_ANALYZER_NONNULL = YES;
				CLANG_ANALYZER_NUMBER_OBJECT_CONVERSION = YES_AGGRESSIVE;
				CLANG_CXX_LANGUAGE_STANDARD = "gnu++20";
				CLANG_ENABLE_MODULES = YES;
				CLANG_ENABLE_OBJC_ARC = YES;
				CLANG_ENABLE_OBJC_WEAK = YES;
				CLANG_WARN_BLOCK_CAPTURE_AUTORELEASING = YES;
				CLANG_WARN_BOOL_CONVERSION = YES;
				CLANG_WARN_COMMA = YES;
				CLANG_WARN_CONSTANT_CONVERSION = YES;
				CLANG_WARN_DEPRECATED_OBJC_IMPLEMENTATIONS = YES;
				CLANG_WARN_DIRECT_OBJC_ISA_USAGE = YES_ERROR;
				CLANG_WARN_DOCUMENTATION_COMMENTS = YES;
				CLANG_WARN_EMPTY_BODY = YES;
				CLANG_WARN_ENUM_CONVERSION = YES;
				CLANG_WARN_INFINITE_RECURSION = YES;
				CLANG_WARN_INT_CONVERSION = YES;
				CLANG_WARN_NON_LITERAL_NULL_CONVERSION = YES;
				CLANG_WARN_OBJC_IMPLICIT_RETAIN_SELF = YES;
				CLANG_WARN_OBJC_LITERAL_CONVERSION = YES;
				CLANG_WARN_OBJC_ROOT_CLASS = YES_ERROR;
				CLANG_WARN_QUOTED_INCLUDE_IN_FRAMEWORK_HEADER = YES;
				CLANG_WARN_RANGE_LOOP_ANALYSIS = YES;
				CLANG_WARN_STRICT_PROTOTYPES = YES;
				CLANG_WARN_SUSPICIOUS_MOVE = YES;
				CLANG_WARN_UNGUARDED_AVAILABILITY = YES_AGGRESSIVE;
				CLANG_WARN_UNREACHABLE_CODE = YES;
				CLANG_WARN__DUPLICATE_METHOD_MATCH = YES;
				COPY_PHASE_STRIP = NO;
				DEBUG_INFORMATION_FORMAT = "dwarf-with-dsym";
				ENABLE_NS_ASSERTIONS = NO;
				ENABLE_STRICT_OBJC_MSGSEND = YES;
				GCC_C_LANGUAGE_STANDARD = gnu11;
				GCC_NO_COMMON_BLOCKS = YES;
				GCC_WARN_64_TO_32_BIT_CONVERSION = YES;
				GCC_WARN_ABOUT_RETURN_TYPE = YES_ERROR;
				GCC_WARN_UNDECLARED_SELECTOR = YES;
				GCC_WARN_UNINITIALIZED_AUTOS = YES_AGGRESSIVE;
				GCC_WARN_UNUSED_FUNCTION = YES;
				GCC_WARN_UNUSED_VARIABLE = YES;
				IPHONEOS_DEPLOYMENT_TARGET = 16.2;
				MTL_ENABLE_DEBUG_INFO = NO;
				MTL_FAST_MATH = YES;
				SDKROOT = iphoneos;
				SWIFT_COMPILATION_MODE = wholemodule;
				SWIFT_OPTIMIZATION_LEVEL = "-O";
				VALIDATE_PRODUCT = YES;
			};
			name = Release;
		};
		35AADB37296B1ACB000BF20C /* Debug */ = {
			isa = XCBuildConfiguration;
			buildSettings = {
				ASSETCATALOG_COMPILER_APPICON_NAME = AppIcon;
				ASSETCATALOG_COMPILER_GLOBAL_ACCENT_COLOR_NAME = AccentColor;
				CODE_SIGN_STYLE = Automatic;
				CURRENT_PROJECT_VERSION = 1;
				DEVELOPMENT_TEAM = 9S2MZXD36G;
				GENERATE_INFOPLIST_FILE = YES;
				INFOPLIST_FILE = "Rick&Morty/Info.plist";
				INFOPLIST_KEY_UIApplicationSupportsIndirectInputEvents = YES;
				INFOPLIST_KEY_UILaunchStoryboardName = LaunchScreen;
				INFOPLIST_KEY_UISupportedInterfaceOrientations_iPad = "UIInterfaceOrientationPortrait UIInterfaceOrientationPortraitUpsideDown UIInterfaceOrientationLandscapeLeft UIInterfaceOrientationLandscapeRight";
				INFOPLIST_KEY_UISupportedInterfaceOrientations_iPhone = "UIInterfaceOrientationPortrait UIInterfaceOrientationLandscapeLeft UIInterfaceOrientationLandscapeRight";
				LD_RUNPATH_SEARCH_PATHS = (
					"$(inherited)",
					"@executable_path/Frameworks",
				);
				MARKETING_VERSION = 1.0;
				PRODUCT_BUNDLE_IDENTIFIER = "com.MKM.Rick-Morty";
				PRODUCT_NAME = "$(TARGET_NAME)";
				SUPPORTED_PLATFORMS = "iphoneos iphonesimulator";
				SUPPORTS_MACCATALYST = NO;
				SUPPORTS_MAC_DESIGNED_FOR_IPHONE_IPAD = NO;
				SWIFT_EMIT_LOC_STRINGS = YES;
				SWIFT_VERSION = 5.0;
				TARGETED_DEVICE_FAMILY = 1;
			};
			name = Debug;
		};
		35AADB38296B1ACB000BF20C /* Release */ = {
			isa = XCBuildConfiguration;
			buildSettings = {
				ASSETCATALOG_COMPILER_APPICON_NAME = AppIcon;
				ASSETCATALOG_COMPILER_GLOBAL_ACCENT_COLOR_NAME = AccentColor;
				CODE_SIGN_STYLE = Automatic;
				CURRENT_PROJECT_VERSION = 1;
				DEVELOPMENT_TEAM = 9S2MZXD36G;
				GENERATE_INFOPLIST_FILE = YES;
				INFOPLIST_FILE = "Rick&Morty/Info.plist";
				INFOPLIST_KEY_UIApplicationSupportsIndirectInputEvents = YES;
				INFOPLIST_KEY_UILaunchStoryboardName = LaunchScreen;
				INFOPLIST_KEY_UISupportedInterfaceOrientations_iPad = "UIInterfaceOrientationPortrait UIInterfaceOrientationPortraitUpsideDown UIInterfaceOrientationLandscapeLeft UIInterfaceOrientationLandscapeRight";
				INFOPLIST_KEY_UISupportedInterfaceOrientations_iPhone = "UIInterfaceOrientationPortrait UIInterfaceOrientationLandscapeLeft UIInterfaceOrientationLandscapeRight";
				LD_RUNPATH_SEARCH_PATHS = (
					"$(inherited)",
					"@executable_path/Frameworks",
				);
				MARKETING_VERSION = 1.0;
				PRODUCT_BUNDLE_IDENTIFIER = "com.MKM.Rick-Morty";
				PRODUCT_NAME = "$(TARGET_NAME)";
				SUPPORTED_PLATFORMS = "iphoneos iphonesimulator";
				SUPPORTS_MACCATALYST = NO;
				SUPPORTS_MAC_DESIGNED_FOR_IPHONE_IPAD = NO;
				SWIFT_EMIT_LOC_STRINGS = YES;
				SWIFT_VERSION = 5.0;
				TARGETED_DEVICE_FAMILY = 1;
			};
			name = Release;
		};
/* End XCBuildConfiguration section */

/* Begin XCConfigurationList section */
		35AADB1D296B1ACA000BF20C /* Build configuration list for PBXProject "Rick&Morty" */ = {
			isa = XCConfigurationList;
			buildConfigurations = (
				35AADB34296B1ACB000BF20C /* Debug */,
				35AADB35296B1ACB000BF20C /* Release */,
			);
			defaultConfigurationIsVisible = 0;
			defaultConfigurationName = Release;
		};
		35AADB36296B1ACB000BF20C /* Build configuration list for PBXNativeTarget "Rick&Morty" */ = {
			isa = XCConfigurationList;
			buildConfigurations = (
				35AADB37296B1ACB000BF20C /* Debug */,
				35AADB38296B1ACB000BF20C /* Release */,
			);
			defaultConfigurationIsVisible = 0;
			defaultConfigurationName = Release;
		};
/* End XCConfigurationList section */

/* Begin XCRemoteSwiftPackageReference section */
		359726CD297624DB00C1A8CD /* XCRemoteSwiftPackageReference "SnapKit" */ = {
			isa = XCRemoteSwiftPackageReference;
			repositoryURL = "https://github.com/SnapKit/SnapKit";
			requirement = {
				kind = upToNextMajorVersion;
				minimumVersion = 5.0.0;
			};
		};
/* End XCRemoteSwiftPackageReference section */

/* Begin XCSwiftPackageProductDependency section */
		359726CE297624DB00C1A8CD /* SnapKit */ = {
			isa = XCSwiftPackageProductDependency;
			package = 359726CD297624DB00C1A8CD /* XCRemoteSwiftPackageReference "SnapKit" */;
			productName = SnapKit;
		};
/* End XCSwiftPackageProductDependency section */
	};
	rootObject = 35AADB1A296B1ACA000BF20C /* Project object */;
}
